// !$*UTF8*$!
{
	archiveVersion = 1;
	classes = {
	};
	objectVersion = 50;
	objects = {

/* Begin PBXBuildFile section */
		5F0C63AC23EDC4DC008AE432 /* AppDelegate.swift in Sources */ = {isa = PBXBuildFile; fileRef = 5F0C63AB23EDC4DC008AE432 /* AppDelegate.swift */; };
		5F0C63AE23EDC4DC008AE432 /* SceneDelegate.swift in Sources */ = {isa = PBXBuildFile; fileRef = 5F0C63AD23EDC4DC008AE432 /* SceneDelegate.swift */; };
		5F0C63B023EDC4DC008AE432 /* ViewController.swift in Sources */ = {isa = PBXBuildFile; fileRef = 5F0C63AF23EDC4DC008AE432 /* ViewController.swift */; };
		5F0C63B323EDC4DC008AE432 /* Main.storyboard in Resources */ = {isa = PBXBuildFile; fileRef = 5F0C63B123EDC4DC008AE432 /* Main.storyboard */; };
		5F0C63B523EDC4DD008AE432 /* Assets.xcassets in Resources */ = {isa = PBXBuildFile; fileRef = 5F0C63B423EDC4DD008AE432 /* Assets.xcassets */; };
		5F0C63B823EDC4DD008AE432 /* LaunchScreen.storyboard in Resources */ = {isa = PBXBuildFile; fileRef = 5F0C63B623EDC4DD008AE432 /* LaunchScreen.storyboard */; };
/* End PBXBuildFile section */

/* Begin PBXFileReference section */
		5F0C63A823EDC4DC008AE432 /* HOL9-iRevatureMail.app */ = {isa = PBXFileReference; explicitFileType = wrapper.application; includeInIndex = 0; path = "HOL9-iRevatureMail.app"; sourceTree = BUILT_PRODUCTS_DIR; };
		5F0C63AB23EDC4DC008AE432 /* AppDelegate.swift */ = {isa = PBXFileReference; lastKnownFileType = sourcecode.swift; path = AppDelegate.swift; sourceTree = "<group>"; };
		5F0C63AD23EDC4DC008AE432 /* SceneDelegate.swift */ = {isa = PBXFileReference; lastKnownFileType = sourcecode.swift; path = SceneDelegate.swift; sourceTree = "<group>"; };
		5F0C63AF23EDC4DC008AE432 /* ViewController.swift */ = {isa = PBXFileReference; lastKnownFileType = sourcecode.swift; path = ViewController.swift; sourceTree = "<group>"; };
		5F0C63B223EDC4DC008AE432 /* Base */ = {isa = PBXFileReference; lastKnownFileType = file.storyboard; name = Base; path = Base.lproj/Main.storyboard; sourceTree = "<group>"; };
		5F0C63B423EDC4DD008AE432 /* Assets.xcassets */ = {isa = PBXFileReference; lastKnownFileType = folder.assetcatalog; path = Assets.xcassets; sourceTree = "<group>"; };
		5F0C63B723EDC4DD008AE432 /* Base */ = {isa = PBXFileReference; lastKnownFileType = file.storyboard; name = Base; path = Base.lproj/LaunchScreen.storyboard; sourceTree = "<group>"; };
		5F0C63B923EDC4DD008AE432 /* Info.plist */ = {isa = PBXFileReference; lastKnownFileType = text.plist.xml; path = Info.plist; sourceTree = "<group>"; };
/* End PBXFileReference section */

/* Begin PBXFrameworksBuildPhase section */
		5F0C63A523EDC4DC008AE432 /* Frameworks */ = {
			isa = PBXFrameworksBuildPhase;
			buildActionMask = 2147483647;
			files = (
			);
			runOnlyForDeploymentPostprocessing = 0;
		};
/* End PBXFrameworksBuildPhase section */

/* Begin PBXGroup section */
		5F0C639F23EDC4DC008AE432 = {
			isa = PBXGroup;
			children = (
				5F0C63AA23EDC4DC008AE432 /* HOL9-iRevatureMail */,
				5F0C63A923EDC4DC008AE432 /* Products */,
			);
			sourceTree = "<group>";
		};
		5F0C63A923EDC4DC008AE432 /* Products */ = {
			isa = PBXGroup;
			children = (
				5F0C63A823EDC4DC008AE432 /* HOL9-iRevatureMail.app */,
			);
			name = Products;
			sourceTree = "<group>";
		};
		5F0C63AA23EDC4DC008AE432 /* HOL9-iRevatureMail */ = {
			isa = PBXGroup;
			children = (
				5F0C63AB23EDC4DC008AE432 /* AppDelegate.swift */,
				5F0C63AD23EDC4DC008AE432 /* SceneDelegate.swift */,
				5F0C63AF23EDC4DC008AE432 /* ViewController.swift */,
				5F0C63B123EDC4DC008AE432 /* Main.storyboard */,
				5F0C63B423EDC4DD008AE432 /* Assets.xcassets */,
				5F0C63B623EDC4DD008AE432 /* LaunchScreen.storyboard */,
				5F0C63B923EDC4DD008AE432 /* Info.plist */,
			);
			path = "HOL9-iRevatureMail";
			sourceTree = "<group>";
		};
/* End PBXGroup section */

/* Begin PBXNativeTarget section */
		5F0C63A723EDC4DC008AE432 /* HOL9-iRevatureMail */ = {
			isa = PBXNativeTarget;
			buildConfigurationList = 5F0C63BC23EDC4DD008AE432 /* Build configuration list for PBXNativeTarget "HOL9-iRevatureMail" */;
			buildPhases = (
				5F0C63A423EDC4DC008AE432 /* Sources */,
				5F0C63A523EDC4DC008AE432 /* Frameworks */,
				5F0C63A623EDC4DC008AE432 /* Resources */,
			);
			buildRules = (
			);
			dependencies = (
			);
			name = "HOL9-iRevatureMail";
			productName = "HOL9-iRevatureMail";
			productReference = 5F0C63A823EDC4DC008AE432 /* HOL9-iRevatureMail.app */;
			productType = "com.apple.product-type.application";
		};
/* End PBXNativeTarget section */

/* Begin PBXProject section */
		5F0C63A023EDC4DC008AE432 /* Project object */ = {
			isa = PBXProject;
			attributes = {
				LastSwiftUpdateCheck = 1130;
				LastUpgradeCheck = 1130;
				ORGANIZATIONNAME = revature;
				TargetAttributes = {
					5F0C63A723EDC4DC008AE432 = {
						CreatedOnToolsVersion = 11.3.1;
					};
				};
			};
			buildConfigurationList = 5F0C63A323EDC4DC008AE432 /* Build configuration list for PBXProject "HOL9-iRevatureMail" */;
			compatibilityVersion = "Xcode 9.3";
			developmentRegion = en;
			hasScannedForEncodings = 0;
			knownRegions = (
				en,
				Base,
			);
			mainGroup = 5F0C639F23EDC4DC008AE432;
			productRefGroup = 5F0C63A923EDC4DC008AE432 /* Products */;
			projectDirPath = "";
			projectRoot = "";
			targets = (
				5F0C63A723EDC4DC008AE432 /* HOL9-iRevatureMail */,
			);
		};
/* End PBXProject section */

/* Begin PBXResourcesBuildPhase section */
		5F0C63A623EDC4DC008AE432 /* Resources */ = {
			isa = PBXResourcesBuildPhase;
			buildActionMask = 2147483647;
			files = (
				5F0C63B823EDC4DD008AE432 /* LaunchScreen.storyboard in Resources */,
				5F0C63B523EDC4DD008AE432 /* Assets.xcassets in Resources */,
				5F0C63B323EDC4DC008AE432 /* Main.storyboard in Resources */,
			);
			runOnlyForDeploymentPostprocessing = 0;
		};
/* End PBXResourcesBuildPhase section */

/* Begin PBXSourcesBuildPhase section */
		5F0C63A423EDC4DC008AE432 /* Sources */ = {
			isa = PBXSourcesBuildPhase;
			buildActionMask = 2147483647;
			files = (
				5F0C63B023EDC4DC008AE432 /* ViewController.swift in Sources */,
				5F0C63AC23EDC4DC008AE432 /* AppDelegate.swift in Sources */,
				5F0C63AE23EDC4DC008AE432 /* SceneDelegate.swift in Sources */,
			);
			runOnlyForDeploymentPostprocessing = 0;
		};
/* End PBXSourcesBuildPhase section */

/* Begin PBXVariantGroup section */
		5F0C63B123EDC4DC008AE432 /* Main.storyboard */ = {
			isa = PBXVariantGroup;
			children = (
				5F0C63B223EDC4DC008AE432 /* Base */,
			);
			name = Main.storyboard;
			sourceTree = "<group>";
		};
		5F0C63B623EDC4DD008AE432 /* LaunchScreen.storyboard */ = {
			isa = PBXVariantGroup;
			children = (
				5F0C63B723EDC4DD008AE432 /* Base */,
			);
			name = LaunchScreen.storyboard;
			sourceTree = "<group>";
		};
/* End PBXVariantGroup section */

/* Begin XCBuildConfiguration section */
		5F0C63BA23EDC4DD008AE432 /* Debug */ = {
			isa = XCBuildConfiguration;
			buildSettings = {
				ALWAYS_SEARCH_USER_PATHS = NO;
				CLANG_ANALYZER_NONNULL = YES;
				CLANG_ANALYZER_NUMBER_OBJECT_CONVERSION = YES_AGGRESSIVE;
				CLANG_CXX_LANGUAGE_STANDARD = "gnu++14";
				CLANG_CXX_LIBRARY = "libc++";
				CLANG_ENABLE_MODULES = YES;
				CLANG_ENABLE_OBJC_ARC = YES;
				CLANG_ENABLE_OBJC_WEAK = YES;
				CLANG_WARN_BLOCK_CAPTURE_AUTORELEASING = YES;
				CLANG_WARN_BOOL_CONVERSION = YES;
				CLANG_WARN_COMMA = YES;
				CLANG_WARN_CONSTANT_CONVERSION = YES;
				CLANG_WARN_DEPRECATED_OBJC_IMPLEMENTATIONS = YES;
				CLANG_WARN_DIRECT_OBJC_ISA_USAGE = YES_ERROR;
				CLANG_WARN_DOCUMENTATION_COMMENTS = YES;
				CLANG_WARN_EMPTY_BODY = YES;
				CLANG_WARN_ENUM_CONVERSION = YES;
				CLANG_WARN_INFINITE_RECURSION = YES;
				CLANG_WARN_INT_CONVERSION = YES;
				CLANG_WARN_NON_LITERAL_NULL_CONVERSION = YES;
				CLANG_WARN_OBJC_IMPLICIT_RETAIN_SELF = YES;
				CLANG_WARN_OBJC_LITERAL_CONVERSION = YES;
				CLANG_WARN_OBJC_ROOT_CLASS = YES_ERROR;
				CLANG_WARN_RANGE_LOOP_ANALYSIS = YES;
				CLANG_WARN_STRICT_PROTOTYPES = YES;
				CLANG_WARN_SUSPICIOUS_MOVE = YES;
				CLANG_WARN_UNGUARDED_AVAILABILITY = YES_AGGRESSIVE;
				CLANG_WARN_UNREACHABLE_CODE = YES;
				CLANG_WARN__DUPLICATE_METHOD_MATCH = YES;
				COPY_PHASE_STRIP = NO;
				DEBUG_INFORMATION_FORMAT = dwarf;
				ENABLE_STRICT_OBJC_MSGSEND = YES;
				ENABLE_TESTABILITY = YES;
				GCC_C_LANGUAGE_STANDARD = gnu11;
				GCC_DYNAMIC_NO_PIC = NO;
				GCC_NO_COMMON_BLOCKS = YES;
				GCC_OPTIMIZATION_LEVEL = 0;
				GCC_PREPROCESSOR_DEFINITIONS = (
					"DEBUG=1",
					"$(inherited)",
				);
				GCC_WARN_64_TO_32_BIT_CONVERSION = YES;
				GCC_WARN_ABOUT_RETURN_TYPE = YES_ERROR;
				GCC_WARN_UNDECLARED_SELECTOR = YES;
				GCC_WARN_UNINITIALIZED_AUTOS = YES_AGGRESSIVE;
				GCC_WARN_UNUSED_FUNCTION = YES;
				GCC_WARN_UNUSED_VARIABLE = YES;
				IPHONEOS_DEPLOYMENT_TARGET = 12.4;
				MTL_ENABLE_DEBUG_INFO = INCLUDE_SOURCE;
				MTL_FAST_MATH = YES;
				ONLY_ACTIVE_ARCH = YES;
				SDKROOT = iphoneos;
				SWIFT_ACTIVE_COMPILATION_CONDITIONS = DEBUG;
				SWIFT_OPTIMIZATION_LEVEL = "-Onone";
			};
			name = Debug;
		};
		5F0C63BB23EDC4DD008AE432 /* Release */ = {
			isa = XCBuildConfiguration;
			buildSettings = {
				ALWAYS_SEARCH_USER_PATHS = NO;
				CLANG_ANALYZER_NONNULL = YES;
				CLANG_ANALYZER_NUMBER_OBJECT_CONVERSION = YES_AGGRESSIVE;
				CLANG_CXX_LANGUAGE_STANDARD = "gnu++14";
				CLANG_CXX_LIBRARY = "libc++";
				CLANG_ENABLE_MODULES = YES;
				CLANG_ENABLE_OBJC_ARC = YES;
				CLANG_ENABLE_OBJC_WEAK = YES;
				CLANG_WARN_BLOCK_CAPTURE_AUTORELEASING = YES;
				CLANG_WARN_BOOL_CONVERSION = YES;
				CLANG_WARN_COMMA = YES;
				CLANG_WARN_CONSTANT_CONVERSION = YES;
				CLANG_WARN_DEPRECATED_OBJC_IMPLEMENTATIONS = YES;
				CLANG_WARN_DIRECT_OBJC_ISA_USAGE = YES_ERROR;
				CLANG_WARN_DOCUMENTATION_COMMENTS = YES;
				CLANG_WARN_EMPTY_BODY = YES;
				CLANG_WARN_ENUM_CONVERSION = YES;
				CLANG_WARN_INFINITE_RECURSION = YES;
				CLANG_WARN_INT_CONVERSION = YES;
				CLANG_WARN_NON_LITERAL_NULL_CONVERSION = YES;
				CLANG_WARN_OBJC_IMPLICIT_RETAIN_SELF = YES;
				CLANG_WARN_OBJC_LITERAL_CONVERSION = YES;
				CLANG_WARN_OBJC_ROOT_CLASS = YES_ERROR;
				CLANG_WARN_RANGE_LOOP_ANALYSIS = YES;
				CLANG_WARN_STRICT_PROTOTYPES = YES;
				CLANG_WARN_SUSPICIOUS_MOVE = YES;
				CLANG_WARN_UNGUARDED_AVAILABILITY = YES_AGGRESSIVE;
				CLANG_WARN_UNREACHABLE_CODE = YES;
				CLANG_WARN__DUPLICATE_METHOD_MATCH = YES;
				COPY_PHASE_STRIP = NO;
				DEBUG_INFORMATION_FORMAT = "dwarf-with-dsym";
				ENABLE_NS_ASSERTIONS = NO;
				ENABLE_STRICT_OBJC_MSGSEND = YES;
				GCC_C_LANGUAGE_STANDARD = gnu11;
				GCC_NO_COMMON_BLOCKS = YES;
				GCC_WARN_64_TO_32_BIT_CONVERSION = YES;
				GCC_WARN_ABOUT_RETURN_TYPE = YES_ERROR;
				GCC_WARN_UNDECLARED_SELECTOR = YES;
				GCC_WARN_UNINITIALIZED_AUTOS = YES_AGGRESSIVE;
				GCC_WARN_UNUSED_FUNCTION = YES;
				GCC_WARN_UNUSED_VARIABLE = YES;
				IPHONEOS_DEPLOYMENT_TARGET = 12.4;
				MTL_ENABLE_DEBUG_INFO = NO;
				MTL_FAST_MATH = YES;
				SDKROOT = iphoneos;
				SWIFT_COMPILATION_MODE = wholemodule;
				SWIFT_OPTIMIZATION_LEVEL = "-O";
				VALIDATE_PRODUCT = YES;
			};
			name = Release;
		};
		5F0C63BD23EDC4DD008AE432 /* Debug */ = {
			isa = XCBuildConfiguration;
			buildSettings = {
				ASSETCATALOG_COMPILER_APPICON_NAME = AppIcon;
				CODE_SIGN_STYLE = Automatic;
				DEVELOPMENT_TEAM = 4R6WHCFACK;
				INFOPLIST_FILE = "HOL9-iRevatureMail/Info.plist";
				IPHONEOS_DEPLOYMENT_TARGET = 12.4;
				LD_RUNPATH_SEARCH_PATHS = (
					"$(inherited)",
					"@executable_path/Frameworks",
				);
				PRODUCT_BUNDLE_IDENTIFIER = "com.revature.HOL9-iRevatureMail";
				PRODUCT_NAME = "$(TARGET_NAME)";
				SWIFT_VERSION = 4.2;
				TARGETED_DEVICE_FAMILY = "1,2";
			};
			name = Debug;
		};
		5F0C63BE23EDC4DD008AE432 /* Release */ = {
			isa = XCBuildConfiguration;
			buildSettings = {
				ASSETCATALOG_COMPILER_APPICON_NAME = AppIcon;
				CODE_SIGN_STYLE = Automatic;
				DEVELOPMENT_TEAM = 4R6WHCFACK;
				INFOPLIST_FILE = "HOL9-iRevatureMail/Info.plist";
				IPHONEOS_DEPLOYMENT_TARGET = 12.4;
				LD_RUNPATH_SEARCH_PATHS = (
					"$(inherited)",
					"@executable_path/Frameworks",
				);
				PRODUCT_BUNDLE_IDENTIFIER = "com.revature.HOL9-iRevatureMail";
				PRODUCT_NAME = "$(TARGET_NAME)";
				SWIFT_VERSION = 4.2;
				TARGETED_DEVICE_FAMILY = "1,2";
			};
			name = Release;
		};
/* End XCBuildConfiguration section */

/* Begin XCConfigurationList section */
		5F0C63A323EDC4DC008AE432 /* Build configuration list for PBXProject "HOL9-iRevatureMail" */ = {
			isa = XCConfigurationList;
			buildConfigurations = (
				5F0C63BA23EDC4DD008AE432 /* Debug */,
				5F0C63BB23EDC4DD008AE432 /* Release */,
			);
			defaultConfigurationIsVisible = 0;
			defaultConfigurationName = Release;
		};
		5F0C63BC23EDC4DD008AE432 /* Build configuration list for PBXNativeTarget "HOL9-iRevatureMail" */ = {
			isa = XCConfigurationList;
			buildConfigurations = (
				5F0C63BD23EDC4DD008AE432 /* Debug */,
				5F0C63BE23EDC4DD008AE432 /* Release */,
			);
			defaultConfigurationIsVisible = 0;
			defaultConfigurationName = Release;
		};
/* End XCConfigurationList section */
	};
	rootObject = 5F0C63A023EDC4DC008AE432 /* Project object */;
}
